
Microsoft Visual Studio Solution File, Format Version 12.00
# Visual Studio Version 17
VisualStudioVersion = 17.6.33801.468
MinimumVisualStudioVersion = 10.0.40219.1
Project("{9A19103F-16F7-4668-BE54-9A1E7A4F7556}") = "Sprout.Exam.WebApp", "Sprout.Exam.WebApp\Sprout.Exam.WebApp.csproj", "{1A7BD9B9-4F89-4AF3-8540-6FB82B793212}"
EndProject
Project("{9A19103F-16F7-4668-BE54-9A1E7A4F7556}") = "Sprout.Exam.Business", "Sprout.Exam.Business\Sprout.Exam.Business.csproj", "{C5431F89-D19E-4848-985C-E622C0D349D8}"
EndProject
Project("{9A19103F-16F7-4668-BE54-9A1E7A4F7556}") = "Sprout.Exam.DataAccess", "Sprout.Exam.DataAccess\Sprout.Exam.DataAccess.csproj", "{45A7F393-1704-4881-A782-2FC8AA32BCD6}"
EndProject
Project("{9A19103F-16F7-4668-BE54-9A1E7A4F7556}") = "Sprout.Exam.Common", "Sprout.Exam.Common\Sprout.Exam.Common.csproj", "{8DFA8282-B821-463A-914D-E3DE367A1BE7}"
EndProject
Global
	GlobalSection(SolutionConfigurationPlatforms) = preSolution
		Debug|Any CPU = Debug|Any CPU
		Release|Any CPU = Release|Any CPU
	EndGlobalSection
	GlobalSection(ProjectConfigurationPlatforms) = postSolution
		{1A7BD9B9-4F89-4AF3-8540-6FB82B793212}.Debug|Any CPU.ActiveCfg = Debug|Any CPU
		{1A7BD9B9-4F89-4AF3-8540-6FB82B793212}.Debug|Any CPU.Build.0 = Debug|Any CPU
		{1A7BD9B9-4F89-4AF3-8540-6FB82B793212}.Release|Any CPU.ActiveCfg = Release|Any CPU
		{1A7BD9B9-4F89-4AF3-8540-6FB82B793212}.Release|Any CPU.Build.0 = Release|Any CPU
		{C5431F89-D19E-4848-985C-E622C0D349D8}.Debug|Any CPU.ActiveCfg = Debug|Any CPU
		{C5431F89-D19E-4848-985C-E622C0D349D8}.Debug|Any CPU.Build.0 = Debug|Any CPU
		{C5431F89-D19E-4848-985C-E622C0D349D8}.Release|Any CPU.ActiveCfg = Release|Any CPU
		{C5431F89-D19E-4848-985C-E622C0D349D8}.Release|Any CPU.Build.0 = Release|Any CPU
		{45A7F393-1704-4881-A782-2FC8AA32BCD6}.Debug|Any CPU.ActiveCfg = Debug|Any CPU
		{45A7F393-1704-4881-A782-2FC8AA32BCD6}.Debug|Any CPU.Build.0 = Debug|Any CPU
		{45A7F393-1704-4881-A782-2FC8AA32BCD6}.Release|Any CPU.ActiveCfg = Release|Any CPU
		{45A7F393-1704-4881-A782-2FC8AA32BCD6}.Release|Any CPU.Build.0 = Release|Any CPU
		{8DFA8282-B821-463A-914D-E3DE367A1BE7}.Debug|Any CPU.ActiveCfg = Debug|Any CPU
		{8DFA8282-B821-463A-914D-E3DE367A1BE7}.Debug|Any CPU.Build.0 = Debug|Any CPU
		{8DFA8282-B821-463A-914D-E3DE367A1BE7}.Release|Any CPU.ActiveCfg = Release|Any CPU
		{8DFA8282-B821-463A-914D-E3DE367A1BE7}.Release|Any CPU.Build.0 = Release|Any CPU
	EndGlobalSection
	GlobalSection(SolutionProperties) = preSolution
		HideSolutionNode = FALSE
	EndGlobalSection
	GlobalSection(ExtensibilityGlobals) = postSolution
		SolutionGuid = {E2529ED8-72E6-4433-AB8A-95C0A14A1A37}
	EndGlobalSection
EndGlobal
